
Microsoft Visual Studio Solution File, Format Version 12.00
# Visual Studio Version 16
VisualStudioVersion = 16.0.30907.101
MinimumVisualStudioVersion = 10.0.40219.1
Project("{FAE04EC0-301F-11D3-BF4B-00C04F79EFBC}") = "HarryPotterKata", "ThreeKatas\HarryPotterKata.csproj", "{C76E7B4C-CBE5-49EC-9791-3085F8905B6F}"
EndProject
Project("{FAE04EC0-301F-11D3-BF4B-00C04F79EFBC}") = "HarryPotterKata.Tests", "HarryPotterKata.Tests\HarryPotterKata.Tests.csproj", "{E96238CE-D4B9-4FFA-B172-B90218AA1717}"
EndProject
Project("{FAE04EC0-301F-11D3-BF4B-00C04F79EFBC}") = "FizzBuzzKata", "FizzBuzzKata\FizzBuzzKata.csproj", "{9A545A79-2D22-4662-9846-29C93EAE659A}"
EndProject
Global
	GlobalSection(SolutionConfigurationPlatforms) = preSolution
		Debug|Any CPU = Debug|Any CPU
		Release|Any CPU = Release|Any CPU
	EndGlobalSection
	GlobalSection(ProjectConfigurationPlatforms) = postSolution
		{C76E7B4C-CBE5-49EC-9791-3085F8905B6F}.Debug|Any CPU.ActiveCfg = Debug|Any CPU
		{C76E7B4C-CBE5-49EC-9791-3085F8905B6F}.Debug|Any CPU.Build.0 = Debug|Any CPU
		{C76E7B4C-CBE5-49EC-9791-3085F8905B6F}.Release|Any CPU.ActiveCfg = Release|Any CPU
		{C76E7B4C-CBE5-49EC-9791-3085F8905B6F}.Release|Any CPU.Build.0 = Release|Any CPU
		{E96238CE-D4B9-4FFA-B172-B90218AA1717}.Debug|Any CPU.ActiveCfg = Debug|Any CPU
		{E96238CE-D4B9-4FFA-B172-B90218AA1717}.Debug|Any CPU.Build.0 = Debug|Any CPU
		{E96238CE-D4B9-4FFA-B172-B90218AA1717}.Release|Any CPU.ActiveCfg = Release|Any CPU
		{E96238CE-D4B9-4FFA-B172-B90218AA1717}.Release|Any CPU.Build.0 = Release|Any CPU
		{9A545A79-2D22-4662-9846-29C93EAE659A}.Debug|Any CPU.ActiveCfg = Debug|Any CPU
		{9A545A79-2D22-4662-9846-29C93EAE659A}.Debug|Any CPU.Build.0 = Debug|Any CPU
		{9A545A79-2D22-4662-9846-29C93EAE659A}.Release|Any CPU.ActiveCfg = Release|Any CPU
		{9A545A79-2D22-4662-9846-29C93EAE659A}.Release|Any CPU.Build.0 = Release|Any CPU
	EndGlobalSection
	GlobalSection(SolutionProperties) = preSolution
		HideSolutionNode = FALSE
	EndGlobalSection
	GlobalSection(ExtensibilityGlobals) = postSolution
		SolutionGuid = {7760793C-2BAC-41FB-84DC-F9B8B7573760}
	EndGlobalSection
EndGlobal
